
Microsoft Visual Studio Solution File, Format Version 12.00
# Visual Studio Version 16
VisualStudioVersion = 16.0.32510.428
MinimumVisualStudioVersion = 10.0.40219.1
Project("{FAE04EC0-301F-11D3-BF4B-00C04F79EFBC}") = "Agriculture_Presentation", "Agriculture_Presentation\Agriculture_Presentation.csproj", "{F140DDFF-43F0-4A5A-B5A3-A0B3A585C6A1}"
EndProject
Project("{FAE04EC0-301F-11D3-BF4B-00C04F79EFBC}") = "EntityLayer", "EntityLayer\EntityLayer.csproj", "{DEDF4906-A5E4-4DFC-9BEB-E1C132FC4D81}"
EndProject
Project("{FAE04EC0-301F-11D3-BF4B-00C04F79EFBC}") = "DataAccessLayer", "DataAccessLayer\DataAccessLayer.csproj", "{FBBF5BEF-12B7-4E85-90CB-5EC2AEBE5CD4}"
EndProject
Project("{FAE04EC0-301F-11D3-BF4B-00C04F79EFBC}") = "BusinessLayer", "BusinessLayer\BusinessLayer.csproj", "{673B18A9-CF5C-448D-B21C-8AF4DDF4A104}"
EndProject
Global
	GlobalSection(SolutionConfigurationPlatforms) = preSolution
		Debug|Any CPU = Debug|Any CPU
		Release|Any CPU = Release|Any CPU
	EndGlobalSection
	GlobalSection(ProjectConfigurationPlatforms) = postSolution
		{F140DDFF-43F0-4A5A-B5A3-A0B3A585C6A1}.Debug|Any CPU.ActiveCfg = Debug|Any CPU
		{F140DDFF-43F0-4A5A-B5A3-A0B3A585C6A1}.Debug|Any CPU.Build.0 = Debug|Any CPU
		{F140DDFF-43F0-4A5A-B5A3-A0B3A585C6A1}.Release|Any CPU.ActiveCfg = Release|Any CPU
		{F140DDFF-43F0-4A5A-B5A3-A0B3A585C6A1}.Release|Any CPU.Build.0 = Release|Any CPU
		{DEDF4906-A5E4-4DFC-9BEB-E1C132FC4D81}.Debug|Any CPU.ActiveCfg = Debug|Any CPU
		{DEDF4906-A5E4-4DFC-9BEB-E1C132FC4D81}.Debug|Any CPU.Build.0 = Debug|Any CPU
		{DEDF4906-A5E4-4DFC-9BEB-E1C132FC4D81}.Release|Any CPU.ActiveCfg = Release|Any CPU
		{DEDF4906-A5E4-4DFC-9BEB-E1C132FC4D81}.Release|Any CPU.Build.0 = Release|Any CPU
		{FBBF5BEF-12B7-4E85-90CB-5EC2AEBE5CD4}.Debug|Any CPU.ActiveCfg = Debug|Any CPU
		{FBBF5BEF-12B7-4E85-90CB-5EC2AEBE5CD4}.Debug|Any CPU.Build.0 = Debug|Any CPU
		{FBBF5BEF-12B7-4E85-90CB-5EC2AEBE5CD4}.Release|Any CPU.ActiveCfg = Release|Any CPU
		{FBBF5BEF-12B7-4E85-90CB-5EC2AEBE5CD4}.Release|Any CPU.Build.0 = Release|Any CPU
		{673B18A9-CF5C-448D-B21C-8AF4DDF4A104}.Debug|Any CPU.ActiveCfg = Debug|Any CPU
		{673B18A9-CF5C-448D-B21C-8AF4DDF4A104}.Debug|Any CPU.Build.0 = Debug|Any CPU
		{673B18A9-CF5C-448D-B21C-8AF4DDF4A104}.Release|Any CPU.ActiveCfg = Release|Any CPU
		{673B18A9-CF5C-448D-B21C-8AF4DDF4A104}.Release|Any CPU.Build.0 = Release|Any CPU
	EndGlobalSection
	GlobalSection(SolutionProperties) = preSolution
		HideSolutionNode = FALSE
	EndGlobalSection
	GlobalSection(ExtensibilityGlobals) = postSolution
		SolutionGuid = {FC65C199-A929-49D1-B482-9CC520BD3518}
	EndGlobalSection
EndGlobal
